// !$*UTF8*$!
{
	archiveVersion = 1;
	classes = {
	};
	objectVersion = 56;
	objects = {

/* Begin PBXBuildFile section */
		99FCABD729B9459900786CB7 /* AppDelegate.swift in Sources */ = {isa = PBXBuildFile; fileRef = 99FCABD629B9459900786CB7 /* AppDelegate.swift */; };
		99FCABD929B9459900786CB7 /* SceneDelegate.swift in Sources */ = {isa = PBXBuildFile; fileRef = 99FCABD829B9459900786CB7 /* SceneDelegate.swift */; };
		99FCABDB29B9459900786CB7 /* ViewController.swift in Sources */ = {isa = PBXBuildFile; fileRef = 99FCABDA29B9459900786CB7 /* ViewController.swift */; };
		99FCABDE29B9459900786CB7 /* Main.storyboard in Resources */ = {isa = PBXBuildFile; fileRef = 99FCABDC29B9459900786CB7 /* Main.storyboard */; };
		99FCABE029B9459A00786CB7 /* Assets.xcassets in Resources */ = {isa = PBXBuildFile; fileRef = 99FCABDF29B9459A00786CB7 /* Assets.xcassets */; };
		99FCABE329B9459A00786CB7 /* LaunchScreen.storyboard in Resources */ = {isa = PBXBuildFile; fileRef = 99FCABE129B9459A00786CB7 /* LaunchScreen.storyboard */; };
		99FCABF329B94C1200786CB7 /* dogsapi.json in Resources */ = {isa = PBXBuildFile; fileRef = 99FCABF229B94C1200786CB7 /* dogsapi.json */; };
		99FCABF529B94C5600786CB7 /* Dog.swift in Sources */ = {isa = PBXBuildFile; fileRef = 99FCABF429B94C5600786CB7 /* Dog.swift */; };
		99FCABF729B94C9200786CB7 /* DogListMVVMViewModel.swift in Sources */ = {isa = PBXBuildFile; fileRef = 99FCABF629B94C9200786CB7 /* DogListMVVMViewModel.swift */; };
		99FCABF929B94CD800786CB7 /* DogAPI.swift in Sources */ = {isa = PBXBuildFile; fileRef = 99FCABF829B94CD800786CB7 /* DogAPI.swift */; };
		99FCABFD29B94DAB00786CB7 /* DogListMVVMViewController.swift in Sources */ = {isa = PBXBuildFile; fileRef = 99FCABFB29B94DAB00786CB7 /* DogListMVVMViewController.swift */; };
		99FCABFE29B94DAB00786CB7 /* DogListMVVMViewController.xib in Resources */ = {isa = PBXBuildFile; fileRef = 99FCABFC29B94DAB00786CB7 /* DogListMVVMViewController.xib */; };
		99FCAC0229B9546E00786CB7 /* DogMVVMTableViewCell.swift in Sources */ = {isa = PBXBuildFile; fileRef = 99FCAC0029B9546E00786CB7 /* DogMVVMTableViewCell.swift */; };
		99FCAC0329B9546E00786CB7 /* DogMVVMTableViewCell.xib in Resources */ = {isa = PBXBuildFile; fileRef = 99FCAC0129B9546E00786CB7 /* DogMVVMTableViewCell.xib */; };
		99FCAC0529B9555500786CB7 /* DogMVVMCellViewModel.swift in Sources */ = {isa = PBXBuildFile; fileRef = 99FCAC0429B9555500786CB7 /* DogMVVMCellViewModel.swift */; };
/* End PBXBuildFile section */

/* Begin PBXFileReference section */
		99FCABD329B9459900786CB7 /* WizelineArchitectuesSMES.app */ = {isa = PBXFileReference; explicitFileType = wrapper.application; includeInIndex = 0; path = WizelineArchitectuesSMES.app; sourceTree = BUILT_PRODUCTS_DIR; };
		99FCABD629B9459900786CB7 /* AppDelegate.swift */ = {isa = PBXFileReference; lastKnownFileType = sourcecode.swift; path = AppDelegate.swift; sourceTree = "<group>"; };
		99FCABD829B9459900786CB7 /* SceneDelegate.swift */ = {isa = PBXFileReference; lastKnownFileType = sourcecode.swift; path = SceneDelegate.swift; sourceTree = "<group>"; };
		99FCABDA29B9459900786CB7 /* ViewController.swift */ = {isa = PBXFileReference; lastKnownFileType = sourcecode.swift; path = ViewController.swift; sourceTree = "<group>"; };
		99FCABDD29B9459900786CB7 /* Base */ = {isa = PBXFileReference; lastKnownFileType = file.storyboard; name = Base; path = Base.lproj/Main.storyboard; sourceTree = "<group>"; };
		99FCABDF29B9459A00786CB7 /* Assets.xcassets */ = {isa = PBXFileReference; lastKnownFileType = folder.assetcatalog; path = Assets.xcassets; sourceTree = "<group>"; };
		99FCABE229B9459A00786CB7 /* Base */ = {isa = PBXFileReference; lastKnownFileType = file.storyboard; name = Base; path = Base.lproj/LaunchScreen.storyboard; sourceTree = "<group>"; };
		99FCABE429B9459A00786CB7 /* Info.plist */ = {isa = PBXFileReference; lastKnownFileType = text.plist.xml; path = Info.plist; sourceTree = "<group>"; };
		99FCABF229B94C1200786CB7 /* dogsapi.json */ = {isa = PBXFileReference; fileEncoding = 4; lastKnownFileType = text.json; path = dogsapi.json; sourceTree = "<group>"; };
		99FCABF429B94C5600786CB7 /* Dog.swift */ = {isa = PBXFileReference; lastKnownFileType = sourcecode.swift; path = Dog.swift; sourceTree = "<group>"; };
		99FCABF629B94C9200786CB7 /* DogListMVVMViewModel.swift */ = {isa = PBXFileReference; lastKnownFileType = sourcecode.swift; path = DogListMVVMViewModel.swift; sourceTree = "<group>"; };
		99FCABF829B94CD800786CB7 /* DogAPI.swift */ = {isa = PBXFileReference; lastKnownFileType = sourcecode.swift; path = DogAPI.swift; sourceTree = "<group>"; };
		99FCABFB29B94DAB00786CB7 /* DogListMVVMViewController.swift */ = {isa = PBXFileReference; lastKnownFileType = sourcecode.swift; path = DogListMVVMViewController.swift; sourceTree = "<group>"; };
		99FCABFC29B94DAB00786CB7 /* DogListMVVMViewController.xib */ = {isa = PBXFileReference; lastKnownFileType = file.xib; path = DogListMVVMViewController.xib; sourceTree = "<group>"; };
		99FCAC0029B9546E00786CB7 /* DogMVVMTableViewCell.swift */ = {isa = PBXFileReference; lastKnownFileType = sourcecode.swift; path = DogMVVMTableViewCell.swift; sourceTree = "<group>"; };
		99FCAC0129B9546E00786CB7 /* DogMVVMTableViewCell.xib */ = {isa = PBXFileReference; lastKnownFileType = file.xib; path = DogMVVMTableViewCell.xib; sourceTree = "<group>"; };
		99FCAC0429B9555500786CB7 /* DogMVVMCellViewModel.swift */ = {isa = PBXFileReference; lastKnownFileType = sourcecode.swift; path = DogMVVMCellViewModel.swift; sourceTree = "<group>"; };
/* End PBXFileReference section */

/* Begin PBXFrameworksBuildPhase section */
		99FCABD029B9459900786CB7 /* Frameworks */ = {
			isa = PBXFrameworksBuildPhase;
			buildActionMask = 2147483647;
			files = (
			);
			runOnlyForDeploymentPostprocessing = 0;
		};
/* End PBXFrameworksBuildPhase section */

/* Begin PBXGroup section */
		99FCABCA29B9459900786CB7 = {
			isa = PBXGroup;
			children = (
				99FCABD529B9459900786CB7 /* WizelineArchitectuesSMES */,
				99FCABD429B9459900786CB7 /* Products */,
			);
			sourceTree = "<group>";
		};
		99FCABD429B9459900786CB7 /* Products */ = {
			isa = PBXGroup;
			children = (
				99FCABD329B9459900786CB7 /* WizelineArchitectuesSMES.app */,
			);
			name = Products;
			sourceTree = "<group>";
		};
		99FCABD529B9459900786CB7 /* WizelineArchitectuesSMES */ = {
			isa = PBXGroup;
			children = (
				99FCABFA29B94CE900786CB7 /* api */,
				99FCABF129B94C0600786CB7 /* dummy */,
				99FCABEA29B9479900786CB7 /* MVVM */,
				99FCABD629B9459900786CB7 /* AppDelegate.swift */,
				99FCABD829B9459900786CB7 /* SceneDelegate.swift */,
				99FCABDA29B9459900786CB7 /* ViewController.swift */,
				99FCABDC29B9459900786CB7 /* Main.storyboard */,
				99FCABDF29B9459A00786CB7 /* Assets.xcassets */,
				99FCABE129B9459A00786CB7 /* LaunchScreen.storyboard */,
				99FCABE429B9459A00786CB7 /* Info.plist */,
			);
			path = WizelineArchitectuesSMES;
			sourceTree = "<group>";
		};
		99FCABEA29B9479900786CB7 /* MVVM */ = {
			isa = PBXGroup;
			children = (
				99FCABED29B947B200786CB7 /* dogsList */,
			);
			path = MVVM;
			sourceTree = "<group>";
		};
		99FCABED29B947B200786CB7 /* dogsList */ = {
			isa = PBXGroup;
			children = (
				99FCABF029B9487200786CB7 /* views */,
				99FCABEF29B9486A00786CB7 /* viewModels */,
				99FCABEE29B9486200786CB7 /* models */,
			);
			path = dogsList;
			sourceTree = "<group>";
		};
		99FCABEE29B9486200786CB7 /* models */ = {
			isa = PBXGroup;
			children = (
				99FCABF429B94C5600786CB7 /* Dog.swift */,
			);
			path = models;
			sourceTree = "<group>";
		};
		99FCABEF29B9486A00786CB7 /* viewModels */ = {
			isa = PBXGroup;
			children = (
				99FCABF629B94C9200786CB7 /* DogListMVVMViewModel.swift */,
				99FCAC0429B9555500786CB7 /* DogMVVMCellViewModel.swift */,
			);
			path = viewModels;
			sourceTree = "<group>";
		};
		99FCABF029B9487200786CB7 /* views */ = {
			isa = PBXGroup;
			children = (
				99FCABFF29B9542800786CB7 /* cells */,
				99FCABFB29B94DAB00786CB7 /* DogListMVVMViewController.swift */,
				99FCABFC29B94DAB00786CB7 /* DogListMVVMViewController.xib */,
			);
			path = views;
			sourceTree = "<group>";
		};
		99FCABF129B94C0600786CB7 /* dummy */ = {
			isa = PBXGroup;
			children = (
				99FCABF229B94C1200786CB7 /* dogsapi.json */,
			);
			path = dummy;
			sourceTree = "<group>";
		};
		99FCABFA29B94CE900786CB7 /* api */ = {
			isa = PBXGroup;
			children = (
				99FCABF829B94CD800786CB7 /* DogAPI.swift */,
			);
			path = api;
			sourceTree = "<group>";
		};
		99FCABFF29B9542800786CB7 /* cells */ = {
			isa = PBXGroup;
			children = (
				99FCAC0029B9546E00786CB7 /* DogMVVMTableViewCell.swift */,
				99FCAC0129B9546E00786CB7 /* DogMVVMTableViewCell.xib */,
			);
			path = cells;
			sourceTree = "<group>";
		};
/* End PBXGroup section */

/* Begin PBXNativeTarget section */
		99FCABD229B9459900786CB7 /* WizelineArchitectuesSMES */ = {
			isa = PBXNativeTarget;
			buildConfigurationList = 99FCABE729B9459A00786CB7 /* Build configuration list for PBXNativeTarget "WizelineArchitectuesSMES" */;
			buildPhases = (
				99FCABCF29B9459900786CB7 /* Sources */,
				99FCABD029B9459900786CB7 /* Frameworks */,
				99FCABD129B9459900786CB7 /* Resources */,
			);
			buildRules = (
			);
			dependencies = (
			);
			name = WizelineArchitectuesSMES;
			productName = WizelineArchitectuesSMES;
			productReference = 99FCABD329B9459900786CB7 /* WizelineArchitectuesSMES.app */;
			productType = "com.apple.product-type.application";
		};
/* End PBXNativeTarget section */

/* Begin PBXProject section */
		99FCABCB29B9459900786CB7 /* Project object */ = {
			isa = PBXProject;
			attributes = {
				BuildIndependentTargetsInParallel = 1;
				LastSwiftUpdateCheck = 1420;
				LastUpgradeCheck = 1420;
				TargetAttributes = {
					99FCABD229B9459900786CB7 = {
						CreatedOnToolsVersion = 14.2;
					};
				};
			};
			buildConfigurationList = 99FCABCE29B9459900786CB7 /* Build configuration list for PBXProject "WizelineArchitectuesSMES" */;
			compatibilityVersion = "Xcode 14.0";
			developmentRegion = en;
			hasScannedForEncodings = 0;
			knownRegions = (
				en,
				Base,
			);
			mainGroup = 99FCABCA29B9459900786CB7;
			productRefGroup = 99FCABD429B9459900786CB7 /* Products */;
			projectDirPath = "";
			projectRoot = "";
			targets = (
				99FCABD229B9459900786CB7 /* WizelineArchitectuesSMES */,
			);
		};
/* End PBXProject section */

/* Begin PBXResourcesBuildPhase section */
		99FCABD129B9459900786CB7 /* Resources */ = {
			isa = PBXResourcesBuildPhase;
			buildActionMask = 2147483647;
			files = (
				99FCABE329B9459A00786CB7 /* LaunchScreen.storyboard in Resources */,
				99FCABE029B9459A00786CB7 /* Assets.xcassets in Resources */,
				99FCABFE29B94DAB00786CB7 /* DogListMVVMViewController.xib in Resources */,
				99FCABDE29B9459900786CB7 /* Main.storyboard in Resources */,
				99FCAC0329B9546E00786CB7 /* DogMVVMTableViewCell.xib in Resources */,
				99FCABF329B94C1200786CB7 /* dogsapi.json in Resources */,
			);
			runOnlyForDeploymentPostprocessing = 0;
		};
/* End PBXResourcesBuildPhase section */

/* Begin PBXSourcesBuildPhase section */
		99FCABCF29B9459900786CB7 /* Sources */ = {
			isa = PBXSourcesBuildPhase;
			buildActionMask = 2147483647;
			files = (
				99FCAC0229B9546E00786CB7 /* DogMVVMTableViewCell.swift in Sources */,
				99FCABDB29B9459900786CB7 /* ViewController.swift in Sources */,
				99FCABFD29B94DAB00786CB7 /* DogListMVVMViewController.swift in Sources */,
				99FCABD729B9459900786CB7 /* AppDelegate.swift in Sources */,
				99FCABF529B94C5600786CB7 /* Dog.swift in Sources */,
				99FCAC0529B9555500786CB7 /* DogMVVMCellViewModel.swift in Sources */,
				99FCABD929B9459900786CB7 /* SceneDelegate.swift in Sources */,
				99FCABF729B94C9200786CB7 /* DogListMVVMViewModel.swift in Sources */,
				99FCABF929B94CD800786CB7 /* DogAPI.swift in Sources */,
			);
			runOnlyForDeploymentPostprocessing = 0;
		};
/* End PBXSourcesBuildPhase section */

/* Begin PBXVariantGroup section */
		99FCABDC29B9459900786CB7 /* Main.storyboard */ = {
			isa = PBXVariantGroup;
			children = (
				99FCABDD29B9459900786CB7 /* Base */,
			);
			name = Main.storyboard;
			sourceTree = "<group>";
		};
		99FCABE129B9459A00786CB7 /* LaunchScreen.storyboard */ = {
			isa = PBXVariantGroup;
			children = (
				99FCABE229B9459A00786CB7 /* Base */,
			);
			name = LaunchScreen.storyboard;
			sourceTree = "<group>";
		};
/* End PBXVariantGroup section */

/* Begin XCBuildConfiguration section */
		99FCABE529B9459A00786CB7 /* Debug */ = {
			isa = XCBuildConfiguration;
			buildSettings = {
				ALWAYS_SEARCH_USER_PATHS = NO;
				CLANG_ANALYZER_NONNULL = YES;
				CLANG_ANALYZER_NUMBER_OBJECT_CONVERSION = YES_AGGRESSIVE;
				CLANG_CXX_LANGUAGE_STANDARD = "gnu++20";
				CLANG_ENABLE_MODULES = YES;
				CLANG_ENABLE_OBJC_ARC = YES;
				CLANG_ENABLE_OBJC_WEAK = YES;
				CLANG_WARN_BLOCK_CAPTURE_AUTORELEASING = YES;
				CLANG_WARN_BOOL_CONVERSION = YES;
				CLANG_WARN_COMMA = YES;
				CLANG_WARN_CONSTANT_CONVERSION = YES;
				CLANG_WARN_DEPRECATED_OBJC_IMPLEMENTATIONS = YES;
				CLANG_WARN_DIRECT_OBJC_ISA_USAGE = YES_ERROR;
				CLANG_WARN_DOCUMENTATION_COMMENTS = YES;
				CLANG_WARN_EMPTY_BODY = YES;
				CLANG_WARN_ENUM_CONVERSION = YES;
				CLANG_WARN_INFINITE_RECURSION = YES;
				CLANG_WARN_INT_CONVERSION = YES;
				CLANG_WARN_NON_LITERAL_NULL_CONVERSION = YES;
				CLANG_WARN_OBJC_IMPLICIT_RETAIN_SELF = YES;
				CLANG_WARN_OBJC_LITERAL_CONVERSION = YES;
				CLANG_WARN_OBJC_ROOT_CLASS = YES_ERROR;
				CLANG_WARN_QUOTED_INCLUDE_IN_FRAMEWORK_HEADER = YES;
				CLANG_WARN_RANGE_LOOP_ANALYSIS = YES;
				CLANG_WARN_STRICT_PROTOTYPES = YES;
				CLANG_WARN_SUSPICIOUS_MOVE = YES;
				CLANG_WARN_UNGUARDED_AVAILABILITY = YES_AGGRESSIVE;
				CLANG_WARN_UNREACHABLE_CODE = YES;
				CLANG_WARN__DUPLICATE_METHOD_MATCH = YES;
				COPY_PHASE_STRIP = NO;
				DEBUG_INFORMATION_FORMAT = dwarf;
				ENABLE_STRICT_OBJC_MSGSEND = YES;
				ENABLE_TESTABILITY = YES;
				GCC_C_LANGUAGE_STANDARD = gnu11;
				GCC_DYNAMIC_NO_PIC = NO;
				GCC_NO_COMMON_BLOCKS = YES;
				GCC_OPTIMIZATION_LEVEL = 0;
				GCC_PREPROCESSOR_DEFINITIONS = (
					"DEBUG=1",
					"$(inherited)",
				);
				GCC_WARN_64_TO_32_BIT_CONVERSION = YES;
				GCC_WARN_ABOUT_RETURN_TYPE = YES_ERROR;
				GCC_WARN_UNDECLARED_SELECTOR = YES;
				GCC_WARN_UNINITIALIZED_AUTOS = YES_AGGRESSIVE;
				GCC_WARN_UNUSED_FUNCTION = YES;
				GCC_WARN_UNUSED_VARIABLE = YES;
				IPHONEOS_DEPLOYMENT_TARGET = 16.2;
				MTL_ENABLE_DEBUG_INFO = INCLUDE_SOURCE;
				MTL_FAST_MATH = YES;
				ONLY_ACTIVE_ARCH = YES;
				SDKROOT = iphoneos;
				SWIFT_ACTIVE_COMPILATION_CONDITIONS = DEBUG;
				SWIFT_OPTIMIZATION_LEVEL = "-Onone";
			};
			name = Debug;
		};
		99FCABE629B9459A00786CB7 /* Release */ = {
			isa = XCBuildConfiguration;
			buildSettings = {
				ALWAYS_SEARCH_USER_PATHS = NO;
				CLANG_ANALYZER_NONNULL = YES;
				CLANG_ANALYZER_NUMBER_OBJECT_CONVERSION = YES_AGGRESSIVE;
				CLANG_CXX_LANGUAGE_STANDARD = "gnu++20";
				CLANG_ENABLE_MODULES = YES;
				CLANG_ENABLE_OBJC_ARC = YES;
				CLANG_ENABLE_OBJC_WEAK = YES;
				CLANG_WARN_BLOCK_CAPTURE_AUTORELEASING = YES;
				CLANG_WARN_BOOL_CONVERSION = YES;
				CLANG_WARN_COMMA = YES;
				CLANG_WARN_CONSTANT_CONVERSION = YES;
				CLANG_WARN_DEPRECATED_OBJC_IMPLEMENTATIONS = YES;
				CLANG_WARN_DIRECT_OBJC_ISA_USAGE = YES_ERROR;
				CLANG_WARN_DOCUMENTATION_COMMENTS = YES;
				CLANG_WARN_EMPTY_BODY = YES;
				CLANG_WARN_ENUM_CONVERSION = YES;
				CLANG_WARN_INFINITE_RECURSION = YES;
				CLANG_WARN_INT_CONVERSION = YES;
				CLANG_WARN_NON_LITERAL_NULL_CONVERSION = YES;
				CLANG_WARN_OBJC_IMPLICIT_RETAIN_SELF = YES;
				CLANG_WARN_OBJC_LITERAL_CONVERSION = YES;
				CLANG_WARN_OBJC_ROOT_CLASS = YES_ERROR;
				CLANG_WARN_QUOTED_INCLUDE_IN_FRAMEWORK_HEADER = YES;
				CLANG_WARN_RANGE_LOOP_ANALYSIS = YES;
				CLANG_WARN_STRICT_PROTOTYPES = YES;
				CLANG_WARN_SUSPICIOUS_MOVE = YES;
				CLANG_WARN_UNGUARDED_AVAILABILITY = YES_AGGRESSIVE;
				CLANG_WARN_UNREACHABLE_CODE = YES;
				CLANG_WARN__DUPLICATE_METHOD_MATCH = YES;
				COPY_PHASE_STRIP = NO;
				DEBUG_INFORMATION_FORMAT = "dwarf-with-dsym";
				ENABLE_NS_ASSERTIONS = NO;
				ENABLE_STRICT_OBJC_MSGSEND = YES;
				GCC_C_LANGUAGE_STANDARD = gnu11;
				GCC_NO_COMMON_BLOCKS = YES;
				GCC_WARN_64_TO_32_BIT_CONVERSION = YES;
				GCC_WARN_ABOUT_RETURN_TYPE = YES_ERROR;
				GCC_WARN_UNDECLARED_SELECTOR = YES;
				GCC_WARN_UNINITIALIZED_AUTOS = YES_AGGRESSIVE;
				GCC_WARN_UNUSED_FUNCTION = YES;
				GCC_WARN_UNUSED_VARIABLE = YES;
				IPHONEOS_DEPLOYMENT_TARGET = 16.2;
				MTL_ENABLE_DEBUG_INFO = NO;
				MTL_FAST_MATH = YES;
				SDKROOT = iphoneos;
				SWIFT_COMPILATION_MODE = wholemodule;
				SWIFT_OPTIMIZATION_LEVEL = "-O";
				VALIDATE_PRODUCT = YES;
			};
			name = Release;
		};
		99FCABE829B9459A00786CB7 /* Debug */ = {
			isa = XCBuildConfiguration;
			buildSettings = {
				ASSETCATALOG_COMPILER_APPICON_NAME = AppIcon;
				ASSETCATALOG_COMPILER_GLOBAL_ACCENT_COLOR_NAME = AccentColor;
				CODE_SIGN_STYLE = Automatic;
				CURRENT_PROJECT_VERSION = 1;
				GENERATE_INFOPLIST_FILE = YES;
				INFOPLIST_FILE = WizelineArchitectuesSMES/Info.plist;
				INFOPLIST_KEY_UIApplicationSupportsIndirectInputEvents = YES;
				INFOPLIST_KEY_UILaunchStoryboardName = LaunchScreen;
				INFOPLIST_KEY_UIMainStoryboardFile = Main;
				INFOPLIST_KEY_UISupportedInterfaceOrientations_iPad = "UIInterfaceOrientationPortrait UIInterfaceOrientationPortraitUpsideDown UIInterfaceOrientationLandscapeLeft UIInterfaceOrientationLandscapeRight";
				INFOPLIST_KEY_UISupportedInterfaceOrientations_iPhone = "UIInterfaceOrientationPortrait UIInterfaceOrientationLandscapeLeft UIInterfaceOrientationLandscapeRight";
				LD_RUNPATH_SEARCH_PATHS = (
					"$(inherited)",
					"@executable_path/Frameworks",
				);
				MARKETING_VERSION = 1.0;
				PRODUCT_BUNDLE_IDENTIFIER = com.wizeline.WizelineArchitectuesSMES;
				PRODUCT_NAME = "$(TARGET_NAME)";
				SWIFT_EMIT_LOC_STRINGS = YES;
				SWIFT_VERSION = 5.0;
				TARGETED_DEVICE_FAMILY = "1,2";
			};
			name = Debug;
		};
		99FCABE929B9459A00786CB7 /* Release */ = {
			isa = XCBuildConfiguration;
			buildSettings = {
				ASSETCATALOG_COMPILER_APPICON_NAME = AppIcon;
				ASSETCATALOG_COMPILER_GLOBAL_ACCENT_COLOR_NAME = AccentColor;
				CODE_SIGN_STYLE = Automatic;
				CURRENT_PROJECT_VERSION = 1;
				GENERATE_INFOPLIST_FILE = YES;
				INFOPLIST_FILE = WizelineArchitectuesSMES/Info.plist;
				INFOPLIST_KEY_UIApplicationSupportsIndirectInputEvents = YES;
				INFOPLIST_KEY_UILaunchStoryboardName = LaunchScreen;
				INFOPLIST_KEY_UIMainStoryboardFile = Main;
				INFOPLIST_KEY_UISupportedInterfaceOrientations_iPad = "UIInterfaceOrientationPortrait UIInterfaceOrientationPortraitUpsideDown UIInterfaceOrientationLandscapeLeft UIInterfaceOrientationLandscapeRight";
				INFOPLIST_KEY_UISupportedInterfaceOrientations_iPhone = "UIInterfaceOrientationPortrait UIInterfaceOrientationLandscapeLeft UIInterfaceOrientationLandscapeRight";
				LD_RUNPATH_SEARCH_PATHS = (
					"$(inherited)",
					"@executable_path/Frameworks",
				);
				MARKETING_VERSION = 1.0;
				PRODUCT_BUNDLE_IDENTIFIER = com.wizeline.WizelineArchitectuesSMES;
				PRODUCT_NAME = "$(TARGET_NAME)";
				SWIFT_EMIT_LOC_STRINGS = YES;
				SWIFT_VERSION = 5.0;
				TARGETED_DEVICE_FAMILY = "1,2";
			};
			name = Release;
		};
/* End XCBuildConfiguration section */

/* Begin XCConfigurationList section */
		99FCABCE29B9459900786CB7 /* Build configuration list for PBXProject "WizelineArchitectuesSMES" */ = {
			isa = XCConfigurationList;
			buildConfigurations = (
				99FCABE529B9459A00786CB7 /* Debug */,
				99FCABE629B9459A00786CB7 /* Release */,
			);
			defaultConfigurationIsVisible = 0;
			defaultConfigurationName = Release;
		};
		99FCABE729B9459A00786CB7 /* Build configuration list for PBXNativeTarget "WizelineArchitectuesSMES" */ = {
			isa = XCConfigurationList;
			buildConfigurations = (
				99FCABE829B9459A00786CB7 /* Debug */,
				99FCABE929B9459A00786CB7 /* Release */,
			);
			defaultConfigurationIsVisible = 0;
			defaultConfigurationName = Release;
		};
/* End XCConfigurationList section */
	};
	rootObject = 99FCABCB29B9459900786CB7 /* Project object */;
}
